<?xml version="1.0" encoding="utf-8"?>
<Project ToolsVersion="4.0" xmlns="http://schemas.microsoft.com/developer/msbuild/2003">
  <ItemGroup>
    <Filter Include="Source Files">
      <UniqueIdentifier>{4ba363dc-8d77-431f-bcf9-55f73868fbb8}</UniqueIdentifier>
      <Extensions>cpp;c;cxx;rc;def;r;odl;idl;hpj;bat</Extensions>
    </Filter>
    <Filter Include="Header Files">
      <UniqueIdentifier>{2ef717c6-9816-4d04-bbea-15396f8a6d48}</UniqueIdentifier>
      <Extensions>h;hpp;hxx;hm;inl</Extensions>
    </Filter>
    <Filter Include="Resource Files">
      <UniqueIdentifier>{731194b1-5178-4d74-85dd-07b95ca430c3}</UniqueIdentifier>
      <Extensions>ico;cur;bmp;dlg;rc2;rct;bin;rgs;gif;jpg;jpeg;jpe</Extensions>
    </Filter>
  </ItemGroup>
  <ItemGroup>
    <ClCompile Include="BlackStatic.cpp">
      <Filter>Source Files</Filter>
    </ClCompile>
    <ClCompile Include="ChessBorad.cpp">
      <Filter>Source Files</Filter>
    </ClCompile>
    <ClCompile Include="ClientFiveChess.cpp">
      <Filter>Source Files</Filter>
    </ClCompile>
    <ClCompile Include="ClientFiveChessDlg.cpp">
      <Filter>Source Files</Filter>
    </ClCompile>
    <ClCompile Include="ClientSock.cpp">
      <Filter>Source Files</Filter>
    </ClCompile>
    <ClCompile Include="LeftPanel.cpp">
      <Filter>Source Files</Filter>
    </ClCompile>
    <ClCompile Include="RightPanel.cpp">
      <Filter>Source Files</Filter>
    </ClCompile>
    <ClCompile Include="SrvInfo.cpp">
      <Filter>Source Files</Filter>
    </ClCompile>
    <ClCompile Include="StdAfx.cpp">
      <Filter>Source Files</Filter>
    </ClCompile>
  </ItemGroup>
  <ItemGroup>
    <ResourceCompile Include="ClientFiveChess.rc">
      <Filter>Source Files</Filter>
    </ResourceCompile>
  </ItemGroup>
  <ItemGroup>
    <ClInclude Include="BlackStatic.h">
      <Filter>Header Files</Filter>
    </ClInclude>
    <ClInclude Include="ChessBorad.h">
      <Filter>Header Files</Filter>
    </ClInclude>
    <ClInclude Include="ClientFiveChess.h">
      <Filter>Header Files</Filter>
    </ClInclude>
    <ClInclude Include="ClientFiveChessDlg.h">
      <Filter>Header Files</Filter>
    </ClInclude>
    <ClInclude Include="ClientSock.h">
      <Filter>Header Files</Filter>
    </ClInclude>
    <ClInclude Include="LeftPanel.h">
      <Filter>Header Files</Filter>
    </ClInclude>
    <ClInclude Include="Resource.h">
      <Filter>Header Files</Filter>
    </ClInclude>
    <ClInclude Include="RightPanel.h">
      <Filter>Header Files</Filter>
    </ClInclude>
    <ClInclude Include="SrvInfo.h">
      <Filter>Header Files</Filter>
    </ClInclude>
    <ClInclude Include="StdAfx.h">
      <Filter>Header Files</Filter>
    </ClInclude>
  </ItemGroup>
  <ItemGroup>
    <Image Include="res\26.ico">
      <Filter>Resource Files</Filter>
    </Image>
    <Image Include="res\ClientFiveChess.ico">
      <Filter>Resource Files</Filter>
    </Image>
    <Image Include="res\Person.bmp">
      <Filter>Resource Files</Filter>
    </Image>
    <Image Include="res\按钮.bmp">
      <Filter>Resource Files</Filter>
    </Image>
    <Image Include="res\白棋子.bmp">
      <Filter>Resource Files</Filter>
    </Image>
    <Image Include="res\黑棋子.bmp">
      <Filter>Resource Files</Filter>
    </Image>
    <Image Include="res\空白.bmp">
      <Filter>Resource Files</Filter>
    </Image>
    <Image Include="res\五子棋棋盘.bmp">
      <Filter>Resource Files</Filter>
    </Image>
  </ItemGroup>
  <ItemGroup>
    <Text Include="ReadMe.txt" />
  </ItemGroup>
  <ItemGroup>
    <CustomBuild Include="res\ClientFiveChess.rc2">
      <Filter>Resource Files</Filter>
    </CustomBuild>
  </ItemGroup>
</Project>